// !$*UTF8*$!
{
	archiveVersion = 1;
	classes = {
	};
	objectVersion = 50;
	objects = {

/* Begin PBXBuildFile section */
		9273BC3620E4632900B8899F /* MovieCell.m in Sources */ = {isa = PBXBuildFile; fileRef = 9273BC3520E4632900B8899F /* MovieCell.m */; };
		9286022A20E55A5A005CCB2D /* DetalisViewController.m in Sources */ = {isa = PBXBuildFile; fileRef = 9286022920E55A5A005CCB2D /* DetalisViewController.m */; };
		9286022D20E57697005CCB2D /* MoviesGridViewController.m in Sources */ = {isa = PBXBuildFile; fileRef = 9286022C20E57697005CCB2D /* MoviesGridViewController.m */; };
		9286023020E579C7005CCB2D /* MovieCollectionCell.m in Sources */ = {isa = PBXBuildFile; fileRef = 9286022F20E579C7005CCB2D /* MovieCollectionCell.m */; };
		9286023320E5A32D005CCB2D /* GridDetailsViewController.m in Sources */ = {isa = PBXBuildFile; fileRef = 9286023220E5A32D005CCB2D /* GridDetailsViewController.m */; };
		92C64FBD20E40A7400879827 /* AppDelegate.m in Sources */ = {isa = PBXBuildFile; fileRef = 92C64FBC20E40A7400879827 /* AppDelegate.m */; };
		92C64FC320E40A7400879827 /* Main.storyboard in Resources */ = {isa = PBXBuildFile; fileRef = 92C64FC120E40A7400879827 /* Main.storyboard */; };
		92C64FC520E40A7500879827 /* Assets.xcassets in Resources */ = {isa = PBXBuildFile; fileRef = 92C64FC420E40A7500879827 /* Assets.xcassets */; };
		92C64FC820E40A7500879827 /* LaunchScreen.storyboard in Resources */ = {isa = PBXBuildFile; fileRef = 92C64FC620E40A7500879827 /* LaunchScreen.storyboard */; };
		92C64FCB20E40A7500879827 /* main.m in Sources */ = {isa = PBXBuildFile; fileRef = 92C64FCA20E40A7500879827 /* main.m */; };
		92C64FD320E4145B00879827 /* MovieViewController.m in Sources */ = {isa = PBXBuildFile; fileRef = 92C64FD220E4145B00879827 /* MovieViewController.m */; };
		949D5D1147F0D313E7A71390 /* libPods-Flix.a in Frameworks */ = {isa = PBXBuildFile; fileRef = 60DA3EC4CAA47219D57058B2 /* libPods-Flix.a */; };
/* End PBXBuildFile section */

/* Begin PBXFileReference section */
		3FF1A1DECEECC5A5A66BD8E8 /* Pods-Flix.release.xcconfig */ = {isa = PBXFileReference; includeInIndex = 1; lastKnownFileType = text.xcconfig; name = "Pods-Flix.release.xcconfig"; path = "Pods/Target Support Files/Pods-Flix/Pods-Flix.release.xcconfig"; sourceTree = "<group>"; };
		60DA3EC4CAA47219D57058B2 /* libPods-Flix.a */ = {isa = PBXFileReference; explicitFileType = archive.ar; includeInIndex = 0; path = "libPods-Flix.a"; sourceTree = BUILT_PRODUCTS_DIR; };
		9273BC3420E4632900B8899F /* MovieCell.h */ = {isa = PBXFileReference; lastKnownFileType = sourcecode.c.h; path = MovieCell.h; sourceTree = "<group>"; };
		9273BC3520E4632900B8899F /* MovieCell.m */ = {isa = PBXFileReference; lastKnownFileType = sourcecode.c.objc; path = MovieCell.m; sourceTree = "<group>"; };
		9286022820E55A5A005CCB2D /* DetalisViewController.h */ = {isa = PBXFileReference; lastKnownFileType = sourcecode.c.h; path = DetalisViewController.h; sourceTree = "<group>"; };
		9286022920E55A5A005CCB2D /* DetalisViewController.m */ = {isa = PBXFileReference; lastKnownFileType = sourcecode.c.objc; path = DetalisViewController.m; sourceTree = "<group>"; };
		9286022B20E57697005CCB2D /* MoviesGridViewController.h */ = {isa = PBXFileReference; lastKnownFileType = sourcecode.c.h; path = MoviesGridViewController.h; sourceTree = "<group>"; };
		9286022C20E57697005CCB2D /* MoviesGridViewController.m */ = {isa = PBXFileReference; lastKnownFileType = sourcecode.c.objc; path = MoviesGridViewController.m; sourceTree = "<group>"; };
		9286022E20E579C7005CCB2D /* MovieCollectionCell.h */ = {isa = PBXFileReference; lastKnownFileType = sourcecode.c.h; path = MovieCollectionCell.h; sourceTree = "<group>"; };
		9286022F20E579C7005CCB2D /* MovieCollectionCell.m */ = {isa = PBXFileReference; lastKnownFileType = sourcecode.c.objc; path = MovieCollectionCell.m; sourceTree = "<group>"; };
		9286023120E5A32D005CCB2D /* GridDetailsViewController.h */ = {isa = PBXFileReference; lastKnownFileType = sourcecode.c.h; path = GridDetailsViewController.h; sourceTree = "<group>"; };
		9286023220E5A32D005CCB2D /* GridDetailsViewController.m */ = {isa = PBXFileReference; lastKnownFileType = sourcecode.c.objc; path = GridDetailsViewController.m; sourceTree = "<group>"; };
		92C64FB820E40A7400879827 /* Flix.app */ = {isa = PBXFileReference; explicitFileType = wrapper.application; includeInIndex = 0; path = Flix.app; sourceTree = BUILT_PRODUCTS_DIR; };
		92C64FBB20E40A7400879827 /* AppDelegate.h */ = {isa = PBXFileReference; lastKnownFileType = sourcecode.c.h; path = AppDelegate.h; sourceTree = "<group>"; };
		92C64FBC20E40A7400879827 /* AppDelegate.m */ = {isa = PBXFileReference; lastKnownFileType = sourcecode.c.objc; path = AppDelegate.m; sourceTree = "<group>"; };
		92C64FC220E40A7400879827 /* Base */ = {isa = PBXFileReference; lastKnownFileType = file.storyboard; name = Base; path = Base.lproj/Main.storyboard; sourceTree = "<group>"; };
		92C64FC420E40A7500879827 /* Assets.xcassets */ = {isa = PBXFileReference; lastKnownFileType = folder.assetcatalog; path = Assets.xcassets; sourceTree = "<group>"; };
		92C64FC720E40A7500879827 /* Base */ = {isa = PBXFileReference; lastKnownFileType = file.storyboard; name = Base; path = Base.lproj/LaunchScreen.storyboard; sourceTree = "<group>"; };
		92C64FC920E40A7500879827 /* Info.plist */ = {isa = PBXFileReference; lastKnownFileType = text.plist.xml; path = Info.plist; sourceTree = "<group>"; };
		92C64FCA20E40A7500879827 /* main.m */ = {isa = PBXFileReference; lastKnownFileType = sourcecode.c.objc; path = main.m; sourceTree = "<group>"; };
		92C64FD120E4145B00879827 /* MovieViewController.h */ = {isa = PBXFileReference; lastKnownFileType = sourcecode.c.h; path = MovieViewController.h; sourceTree = "<group>"; };
		92C64FD220E4145B00879827 /* MovieViewController.m */ = {isa = PBXFileReference; lastKnownFileType = sourcecode.c.objc; path = MovieViewController.m; sourceTree = "<group>"; };
		D1E6441831283AF34F712742 /* Pods-Flix.debug.xcconfig */ = {isa = PBXFileReference; includeInIndex = 1; lastKnownFileType = text.xcconfig; name = "Pods-Flix.debug.xcconfig"; path = "Pods/Target Support Files/Pods-Flix/Pods-Flix.debug.xcconfig"; sourceTree = "<group>"; };
/* End PBXFileReference section */

/* Begin PBXFrameworksBuildPhase section */
		92C64FB520E40A7400879827 /* Frameworks */ = {
			isa = PBXFrameworksBuildPhase;
			buildActionMask = 2147483647;
			files = (
				949D5D1147F0D313E7A71390 /* libPods-Flix.a in Frameworks */,
			);
			runOnlyForDeploymentPostprocessing = 0;
		};
/* End PBXFrameworksBuildPhase section */

/* Begin PBXGroup section */
		0478CE1AC2EFB571DEFBE426 /* Frameworks */ = {
			isa = PBXGroup;
			children = (
				60DA3EC4CAA47219D57058B2 /* libPods-Flix.a */,
			);
			name = Frameworks;
			sourceTree = "<group>";
		};
		62BBFAAAF8667F490C84799D /* Pods */ = {
			isa = PBXGroup;
			children = (
				D1E6441831283AF34F712742 /* Pods-Flix.debug.xcconfig */,
				3FF1A1DECEECC5A5A66BD8E8 /* Pods-Flix.release.xcconfig */,
			);
			name = Pods;
			sourceTree = "<group>";
		};
		92C64FAF20E40A7300879827 = {
			isa = PBXGroup;
			children = (
				92C64FBA20E40A7400879827 /* Flix */,
				92C64FB920E40A7400879827 /* Products */,
				62BBFAAAF8667F490C84799D /* Pods */,
				0478CE1AC2EFB571DEFBE426 /* Frameworks */,
			);
			sourceTree = "<group>";
		};
		92C64FB920E40A7400879827 /* Products */ = {
			isa = PBXGroup;
			children = (
				92C64FB820E40A7400879827 /* Flix.app */,
			);
			name = Products;
			sourceTree = "<group>";
		};
		92C64FBA20E40A7400879827 /* Flix */ = {
			isa = PBXGroup;
			children = (
				92C64FD420E414BB00879827 /* ViewController */,
				92C64FBB20E40A7400879827 /* AppDelegate.h */,
				92C64FBC20E40A7400879827 /* AppDelegate.m */,
				92C64FC120E40A7400879827 /* Main.storyboard */,
				9286022E20E579C7005CCB2D /* MovieCollectionCell.h */,
				9286022F20E579C7005CCB2D /* MovieCollectionCell.m */,
				92C64FC420E40A7500879827 /* Assets.xcassets */,
				92C64FC620E40A7500879827 /* LaunchScreen.storyboard */,
				92C64FC920E40A7500879827 /* Info.plist */,
				92C64FCA20E40A7500879827 /* main.m */,
			);
			path = Flix;
			sourceTree = "<group>";
		};
		92C64FD420E414BB00879827 /* ViewController */ = {
			isa = PBXGroup;
			children = (
				9286023120E5A32D005CCB2D /* GridDetailsViewController.h */,
				9286023220E5A32D005CCB2D /* GridDetailsViewController.m */,
				9286022B20E57697005CCB2D /* MoviesGridViewController.h */,
				9286022C20E57697005CCB2D /* MoviesGridViewController.m */,
				92C64FD120E4145B00879827 /* MovieViewController.h */,
				92C64FD220E4145B00879827 /* MovieViewController.m */,
				9273BC3420E4632900B8899F /* MovieCell.h */,
				9286022820E55A5A005CCB2D /* DetalisViewController.h */,
				9286022920E55A5A005CCB2D /* DetalisViewController.m */,
				9273BC3520E4632900B8899F /* MovieCell.m */,
			);
			path = ViewController;
			sourceTree = "<group>";
		};
/* End PBXGroup section */

/* Begin PBXNativeTarget section */
		92C64FB720E40A7400879827 /* Flix */ = {
			isa = PBXNativeTarget;
			buildConfigurationList = 92C64FCE20E40A7500879827 /* Build configuration list for PBXNativeTarget "Flix" */;
			buildPhases = (
				307933C258B05D6AD8CC1D00 /* [CP] Check Pods Manifest.lock */,
				92C64FB420E40A7400879827 /* Sources */,
				92C64FB520E40A7400879827 /* Frameworks */,
				92C64FB620E40A7400879827 /* Resources */,
				57604E03E7CF41D0C8D22719 /* [CP] Copy Pods Resources */,
			);
			buildRules = (
			);
			dependencies = (
			);
			name = Flix;
			productName = Flix;
			productReference = 92C64FB820E40A7400879827 /* Flix.app */;
			productType = "com.apple.product-type.application";
		};
/* End PBXNativeTarget section */

/* Begin PBXProject section */
		92C64FB020E40A7300879827 /* Project object */ = {
			isa = PBXProject;
			attributes = {
				LastUpgradeCheck = 0940;
				ORGANIZATIONNAME = "Tiffany Ma";
				TargetAttributes = {
					92C64FB720E40A7400879827 = {
						CreatedOnToolsVersion = 9.4.1;
					};
				};
			};
			buildConfigurationList = 92C64FB320E40A7300879827 /* Build configuration list for PBXProject "Flix" */;
			compatibilityVersion = "Xcode 9.3";
			developmentRegion = en;
			hasScannedForEncodings = 0;
			knownRegions = (
				en,
				Base,
			);
			mainGroup = 92C64FAF20E40A7300879827;
			productRefGroup = 92C64FB920E40A7400879827 /* Products */;
			projectDirPath = "";
			projectRoot = "";
			targets = (
				92C64FB720E40A7400879827 /* Flix */,
			);
		};
/* End PBXProject section */

/* Begin PBXResourcesBuildPhase section */
		92C64FB620E40A7400879827 /* Resources */ = {
			isa = PBXResourcesBuildPhase;
			buildActionMask = 2147483647;
			files = (
				92C64FC820E40A7500879827 /* LaunchScreen.storyboard in Resources */,
				92C64FC520E40A7500879827 /* Assets.xcassets in Resources */,
				92C64FC320E40A7400879827 /* Main.storyboard in Resources */,
			);
			runOnlyForDeploymentPostprocessing = 0;
		};
/* End PBXResourcesBuildPhase section */

/* Begin PBXShellScriptBuildPhase section */
		307933C258B05D6AD8CC1D00 /* [CP] Check Pods Manifest.lock */ = {
			isa = PBXShellScriptBuildPhase;
			buildActionMask = 2147483647;
			files = (
			);
			inputPaths = (
				"${PODS_PODFILE_DIR_PATH}/Podfile.lock",
				"${PODS_ROOT}/Manifest.lock",
			);
			name = "[CP] Check Pods Manifest.lock";
			outputPaths = (
				"$(DERIVED_FILE_DIR)/Pods-Flix-checkManifestLockResult.txt",
			);
			runOnlyForDeploymentPostprocessing = 0;
			shellPath = /bin/sh;
			shellScript = "diff \"${PODS_PODFILE_DIR_PATH}/Podfile.lock\" \"${PODS_ROOT}/Manifest.lock\" > /dev/null\nif [ $? != 0 ] ; then\n    # print error to STDERR\n    echo \"error: The sandbox is not in sync with the Podfile.lock. Run 'pod install' or update your CocoaPods installation.\" >&2\n    exit 1\nfi\n# This output is used by Xcode 'outputs' to avoid re-running this script phase.\necho \"SUCCESS\" > \"${SCRIPT_OUTPUT_FILE_0}\"\n";
			showEnvVarsInLog = 0;
		};
		57604E03E7CF41D0C8D22719 /* [CP] Copy Pods Resources */ = {
			isa = PBXShellScriptBuildPhase;
			buildActionMask = 2147483647;
			files = (
			);
			inputPaths = (
				"${SRCROOT}/Pods/Target Support Files/Pods-Flix/Pods-Flix-resources.sh",
				"${PODS_ROOT}/SVProgressHUD/SVProgressHUD/SVProgressHUD.bundle",
			);
			name = "[CP] Copy Pods Resources";
			outputPaths = (
				"${TARGET_BUILD_DIR}/${UNLOCALIZED_RESOURCES_FOLDER_PATH}/SVProgressHUD.bundle",
			);
			runOnlyForDeploymentPostprocessing = 0;
			shellPath = /bin/sh;
			shellScript = "\"${SRCROOT}/Pods/Target Support Files/Pods-Flix/Pods-Flix-resources.sh\"\n";
			showEnvVarsInLog = 0;
		};
/* End PBXShellScriptBuildPhase section */

/* Begin PBXSourcesBuildPhase section */
		92C64FB420E40A7400879827 /* Sources */ = {
			isa = PBXSourcesBuildPhase;
			buildActionMask = 2147483647;
			files = (
				92C64FCB20E40A7500879827 /* main.m in Sources */,
				9286023320E5A32D005CCB2D /* GridDetailsViewController.m in Sources */,
				92C64FBD20E40A7400879827 /* AppDelegate.m in Sources */,
				9273BC3620E4632900B8899F /* MovieCell.m in Sources */,
				9286023020E579C7005CCB2D /* MovieCollectionCell.m in Sources */,
				92C64FD320E4145B00879827 /* MovieViewController.m in Sources */,
				9286022A20E55A5A005CCB2D /* DetalisViewController.m in Sources */,
				9286022D20E57697005CCB2D /* MoviesGridViewController.m in Sources */,
			);
			runOnlyForDeploymentPostprocessing = 0;
		};
/* End PBXSourcesBuildPhase section */

/* Begin PBXVariantGroup section */
		92C64FC120E40A7400879827 /* Main.storyboard */ = {
			isa = PBXVariantGroup;
			children = (
				92C64FC220E40A7400879827 /* Base */,
			);
			name = Main.storyboard;
			sourceTree = "<group>";
		};
		92C64FC620E40A7500879827 /* LaunchScreen.storyboard */ = {
			isa = PBXVariantGroup;
			children = (
				92C64FC720E40A7500879827 /* Base */,
			);
			name = LaunchScreen.storyboard;
			sourceTree = "<group>";
		};
/* End PBXVariantGroup section */

/* Begin XCBuildConfiguration section */
		92C64FCC20E40A7500879827 /* Debug */ = {
			isa = XCBuildConfiguration;
			buildSettings = {
				ALWAYS_SEARCH_USER_PATHS = NO;
				CLANG_ANALYZER_NONNULL = YES;
				CLANG_ANALYZER_NUMBER_OBJECT_CONVERSION = YES_AGGRESSIVE;
				CLANG_CXX_LANGUAGE_STANDARD = "gnu++14";
				CLANG_CXX_LIBRARY = "libc++";
				CLANG_ENABLE_MODULES = YES;
				CLANG_ENABLE_OBJC_ARC = YES;
				CLANG_ENABLE_OBJC_WEAK = YES;
				CLANG_WARN_BLOCK_CAPTURE_AUTORELEASING = YES;
				CLANG_WARN_BOOL_CONVERSION = YES;
				CLANG_WARN_COMMA = YES;
				CLANG_WARN_CONSTANT_CONVERSION = YES;
				CLANG_WARN_DEPRECATED_OBJC_IMPLEMENTATIONS = YES;
				CLANG_WARN_DIRECT_OBJC_ISA_USAGE = YES_ERROR;
				CLANG_WARN_DOCUMENTATION_COMMENTS = YES;
				CLANG_WARN_EMPTY_BODY = YES;
				CLANG_WARN_ENUM_CONVERSION = YES;
				CLANG_WARN_INFINITE_RECURSION = YES;
				CLANG_WARN_INT_CONVERSION = YES;
				CLANG_WARN_NON_LITERAL_NULL_CONVERSION = YES;
				CLANG_WARN_OBJC_IMPLICIT_RETAIN_SELF = YES;
				CLANG_WARN_OBJC_LITERAL_CONVERSION = YES;
				CLANG_WARN_OBJC_ROOT_CLASS = YES_ERROR;
				CLANG_WARN_RANGE_LOOP_ANALYSIS = YES;
				CLANG_WARN_STRICT_PROTOTYPES = YES;
				CLANG_WARN_SUSPICIOUS_MOVE = YES;
				CLANG_WARN_UNGUARDED_AVAILABILITY = YES_AGGRESSIVE;
				CLANG_WARN_UNREACHABLE_CODE = YES;
				CLANG_WARN__DUPLICATE_METHOD_MATCH = YES;
				CODE_SIGN_IDENTITY = "iPhone Developer";
				COPY_PHASE_STRIP = NO;
				DEBUG_INFORMATION_FORMAT = dwarf;
				ENABLE_STRICT_OBJC_MSGSEND = YES;
				ENABLE_TESTABILITY = YES;
				GCC_C_LANGUAGE_STANDARD = gnu11;
				GCC_DYNAMIC_NO_PIC = NO;
				GCC_NO_COMMON_BLOCKS = YES;
				GCC_OPTIMIZATION_LEVEL = 0;
				GCC_PREPROCESSOR_DEFINITIONS = (
					"DEBUG=1",
					"$(inherited)",
				);
				GCC_WARN_64_TO_32_BIT_CONVERSION = YES;
				GCC_WARN_ABOUT_RETURN_TYPE = YES_ERROR;
				GCC_WARN_UNDECLARED_SELECTOR = YES;
				GCC_WARN_UNINITIALIZED_AUTOS = YES_AGGRESSIVE;
				GCC_WARN_UNUSED_FUNCTION = YES;
				GCC_WARN_UNUSED_VARIABLE = YES;
				IPHONEOS_DEPLOYMENT_TARGET = 11.4;
				MTL_ENABLE_DEBUG_INFO = YES;
				ONLY_ACTIVE_ARCH = YES;
				SDKROOT = iphoneos;
			};
			name = Debug;
		};
		92C64FCD20E40A7500879827 /* Release */ = {
			isa = XCBuildConfiguration;
			buildSettings = {
				ALWAYS_SEARCH_USER_PATHS = NO;
				CLANG_ANALYZER_NONNULL = YES;
				CLANG_ANALYZER_NUMBER_OBJECT_CONVERSION = YES_AGGRESSIVE;
				CLANG_CXX_LANGUAGE_STANDARD = "gnu++14";
				CLANG_CXX_LIBRARY = "libc++";
				CLANG_ENABLE_MODULES = YES;
				CLANG_ENABLE_OBJC_ARC = YES;
				CLANG_ENABLE_OBJC_WEAK = YES;
				CLANG_WARN_BLOCK_CAPTURE_AUTORELEASING = YES;
				CLANG_WARN_BOOL_CONVERSION = YES;
				CLANG_WARN_COMMA = YES;
				CLANG_WARN_CONSTANT_CONVERSION = YES;
				CLANG_WARN_DEPRECATED_OBJC_IMPLEMENTATIONS = YES;
				CLANG_WARN_DIRECT_OBJC_ISA_USAGE = YES_ERROR;
				CLANG_WARN_DOCUMENTATION_COMMENTS = YES;
				CLANG_WARN_EMPTY_BODY = YES;
				CLANG_WARN_ENUM_CONVERSION = YES;
				CLANG_WARN_INFINITE_RECURSION = YES;
				CLANG_WARN_INT_CONVERSION = YES;
				CLANG_WARN_NON_LITERAL_NULL_CONVERSION = YES;
				CLANG_WARN_OBJC_IMPLICIT_RETAIN_SELF = YES;
				CLANG_WARN_OBJC_LITERAL_CONVERSION = YES;
				CLANG_WARN_OBJC_ROOT_CLASS = YES_ERROR;
				CLANG_WARN_RANGE_LOOP_ANALYSIS = YES;
				CLANG_WARN_STRICT_PROTOTYPES = YES;
				CLANG_WARN_SUSPICIOUS_MOVE = YES;
				CLANG_WARN_UNGUARDED_AVAILABILITY = YES_AGGRESSIVE;
				CLANG_WARN_UNREACHABLE_CODE = YES;
				CLANG_WARN__DUPLICATE_METHOD_MATCH = YES;
				CODE_SIGN_IDENTITY = "iPhone Developer";
				COPY_PHASE_STRIP = NO;
				DEBUG_INFORMATION_FORMAT = "dwarf-with-dsym";
				ENABLE_NS_ASSERTIONS = NO;
				ENABLE_STRICT_OBJC_MSGSEND = YES;
				GCC_C_LANGUAGE_STANDARD = gnu11;
				GCC_NO_COMMON_BLOCKS = YES;
				GCC_WARN_64_TO_32_BIT_CONVERSION = YES;
				GCC_WARN_ABOUT_RETURN_TYPE = YES_ERROR;
				GCC_WARN_UNDECLARED_SELECTOR = YES;
				GCC_WARN_UNINITIALIZED_AUTOS = YES_AGGRESSIVE;
				GCC_WARN_UNUSED_FUNCTION = YES;
				GCC_WARN_UNUSED_VARIABLE = YES;
				IPHONEOS_DEPLOYMENT_TARGET = 11.4;
				MTL_ENABLE_DEBUG_INFO = NO;
				SDKROOT = iphoneos;
				VALIDATE_PRODUCT = YES;
			};
			name = Release;
		};
		92C64FCF20E40A7500879827 /* Debug */ = {
			isa = XCBuildConfiguration;
			baseConfigurationReference = D1E6441831283AF34F712742 /* Pods-Flix.debug.xcconfig */;
			buildSettings = {
				ASSETCATALOG_COMPILER_APPICON_NAME = AppIcon;
				CODE_SIGN_STYLE = Automatic;
				DEVELOPMENT_TEAM = 3ADDW46C7A;
				INFOPLIST_FILE = Flix/Info.plist;
				LD_RUNPATH_SEARCH_PATHS = (
					"$(inherited)",
					"@executable_path/Frameworks",
				);
				PRODUCT_BUNDLE_IDENTIFIER = com.tiffanyma.Flix;
				PRODUCT_NAME = "$(TARGET_NAME)";
				TARGETED_DEVICE_FAMILY = "1,2";
			};
			name = Debug;
		};
		92C64FD020E40A7500879827 /* Release */ = {
			isa = XCBuildConfiguration;
			baseConfigurationReference = 3FF1A1DECEECC5A5A66BD8E8 /* Pods-Flix.release.xcconfig */;
			buildSettings = {
				ASSETCATALOG_COMPILER_APPICON_NAME = AppIcon;
				CODE_SIGN_STYLE = Automatic;
				DEVELOPMENT_TEAM = 3ADDW46C7A;
				INFOPLIST_FILE = Flix/Info.plist;
				LD_RUNPATH_SEARCH_PATHS = (
					"$(inherited)",
					"@executable_path/Frameworks",
				);
				PRODUCT_BUNDLE_IDENTIFIER = com.tiffanyma.Flix;
				PRODUCT_NAME = "$(TARGET_NAME)";
				TARGETED_DEVICE_FAMILY = "1,2";
			};
			name = Release;
		};
/* End XCBuildConfiguration section */

/* Begin XCConfigurationList section */
		92C64FB320E40A7300879827 /* Build configuration list for PBXProject "Flix" */ = {
			isa = XCConfigurationList;
			buildConfigurations = (
				92C64FCC20E40A7500879827 /* Debug */,
				92C64FCD20E40A7500879827 /* Release */,
			);
			defaultConfigurationIsVisible = 0;
			defaultConfigurationName = Release;
		};
		92C64FCE20E40A7500879827 /* Build configuration list for PBXNativeTarget "Flix" */ = {
			isa = XCConfigurationList;
			buildConfigurations = (
				92C64FCF20E40A7500879827 /* Debug */,
				92C64FD020E40A7500879827 /* Release */,
			);
			defaultConfigurationIsVisible = 0;
			defaultConfigurationName = Release;
		};
/* End XCConfigurationList section */
	};
	rootObject = 92C64FB020E40A7300879827 /* Project object */;
}
